
Microsoft Visual Studio Solution File, Format Version 11.00
# Visual Studio 2010
Project("{FAE04EC0-301F-11D3-BF4B-00C04F79EFBC}") = "Assembly-CSharp", "Assembly-CSharp.csproj", "{27e1fd5a-df40-ed59-fb7c-a842246d2520}"
EndProject
Project("{FAE04EC0-301F-11D3-BF4B-00C04F79EFBC}") = "Assembly-CSharp-Editor", "Assembly-CSharp-Editor.csproj", "{d8956aa6-e56a-3d4e-82a1-29d920e73491}"
EndProject
Global
	GlobalSection(SolutionConfigurationPlatforms) = preSolution
		Debug|Any CPU = Debug|Any CPU
	EndGlobalSection
	GlobalSection(ProjectConfigurationPlatforms) = postSolution
		{27e1fd5a-df40-ed59-fb7c-a842246d2520}.Debug|Any CPU.ActiveCfg = Debug|Any CPU
		{27e1fd5a-df40-ed59-fb7c-a842246d2520}.Debug|Any CPU.Build.0 = Debug|Any CPU
		{d8956aa6-e56a-3d4e-82a1-29d920e73491}.Debug|Any CPU.ActiveCfg = Debug|Any CPU
		{d8956aa6-e56a-3d4e-82a1-29d920e73491}.Debug|Any CPU.Build.0 = Debug|Any CPU
	EndGlobalSection
	GlobalSection(SolutionProperties) = preSolution
		HideSolutionNode = FALSE
	EndGlobalSection
EndGlobal
